
Microsoft Visual Studio Solution File, Format Version 12.00
# Visual Studio Version 17
VisualStudioVersion = 17.14.36414.22 d17.14
MinimumVisualStudioVersion = 10.0.40219.1
Project("{8BC9CEB8-8B4A-11D0-8D11-00A0C91BC942}") = "Ch 4 Ex. 5 - Body Mass Index", "Ch 4 Ex. 5 - Body Mass Index.vcxproj", "{FDA2B251-FF98-4043-B85E-C19B54B45FFC}"
EndProject
Global
	GlobalSection(SolutionConfigurationPlatforms) = preSolution
		Debug|x64 = Debug|x64
		Debug|x86 = Debug|x86
		Release|x64 = Release|x64
		Release|x86 = Release|x86
	EndGlobalSection
	GlobalSection(ProjectConfigurationPlatforms) = postSolution
		{FDA2B251-FF98-4043-B85E-C19B54B45FFC}.Debug|x64.ActiveCfg = Debug|x64
		{FDA2B251-FF98-4043-B85E-C19B54B45FFC}.Debug|x64.Build.0 = Debug|x64
		{FDA2B251-FF98-4043-B85E-C19B54B45FFC}.Debug|x86.ActiveCfg = Debug|Win32
		{FDA2B251-FF98-4043-B85E-C19B54B45FFC}.Debug|x86.Build.0 = Debug|Win32
		{FDA2B251-FF98-4043-B85E-C19B54B45FFC}.Release|x64.ActiveCfg = Release|x64
		{FDA2B251-FF98-4043-B85E-C19B54B45FFC}.Release|x64.Build.0 = Release|x64
		{FDA2B251-FF98-4043-B85E-C19B54B45FFC}.Release|x86.ActiveCfg = Release|Win32
		{FDA2B251-FF98-4043-B85E-C19B54B45FFC}.Release|x86.Build.0 = Release|Win32
	EndGlobalSection
	GlobalSection(SolutionProperties) = preSolution
		HideSolutionNode = FALSE
	EndGlobalSection
	GlobalSection(ExtensibilityGlobals) = postSolution
		SolutionGuid = {062305C1-F54B-4B8D-912A-676F94F8DD8A}
	EndGlobalSection
EndGlobal
